
Microsoft Visual Studio Solution File, Format Version 12.00
# Visual Studio 14
VisualStudioVersion = 14.0.25420.1
MinimumVisualStudioVersion = 10.0.40219.1
Project("{FAE04EC0-301F-11D3-BF4B-00C04F79EFBC}") = "Socket_Client", "Socket_Client\Socket_Client.csproj", "{6BB0572F-1155-42D2-A61D-A28741D51602}"
EndProject
Project("{FAE04EC0-301F-11D3-BF4B-00C04F79EFBC}") = "Socket_Server", "Socket_Server\Socket_Server.csproj", "{9CFB94C1-5AE3-4CAD-99A3-0B8891F9DCCA}"
EndProject
Global
	GlobalSection(SolutionConfigurationPlatforms) = preSolution
		Debug|Any CPU = Debug|Any CPU
		Release|Any CPU = Release|Any CPU
	EndGlobalSection
	GlobalSection(ProjectConfigurationPlatforms) = postSolution
		{6BB0572F-1155-42D2-A61D-A28741D51602}.Debug|Any CPU.ActiveCfg = Debug|Any CPU
		{6BB0572F-1155-42D2-A61D-A28741D51602}.Debug|Any CPU.Build.0 = Debug|Any CPU
		{6BB0572F-1155-42D2-A61D-A28741D51602}.Release|Any CPU.ActiveCfg = Release|Any CPU
		{6BB0572F-1155-42D2-A61D-A28741D51602}.Release|Any CPU.Build.0 = Release|Any CPU
		{9CFB94C1-5AE3-4CAD-99A3-0B8891F9DCCA}.Debug|Any CPU.ActiveCfg = Debug|Any CPU
		{9CFB94C1-5AE3-4CAD-99A3-0B8891F9DCCA}.Debug|Any CPU.Build.0 = Debug|Any CPU
		{9CFB94C1-5AE3-4CAD-99A3-0B8891F9DCCA}.Release|Any CPU.ActiveCfg = Release|Any CPU
		{9CFB94C1-5AE3-4CAD-99A3-0B8891F9DCCA}.Release|Any CPU.Build.0 = Release|Any CPU
	EndGlobalSection
	GlobalSection(SolutionProperties) = preSolution
		HideSolutionNode = FALSE
	EndGlobalSection
EndGlobal
